{
  "name": "aoc2021",
  "version": "1.0.0",
  "lockfileVersion": 2,
  "requires": true,
  "packages": {
    "": {
      "name": "aoc2021",
      "version": "1.0.0",
      "license": "ISC",
      "dependencies": {
        "@types/node": "^16.11.11",
        "fs": "^0.0.1-security",
        "graphology": "^0.23.2",
        "graphology-simple-path": "^0.1.2",
        "graphology-traversal": "^0.3.0",
        "plotly": "^1.0.6",
        "stack-typescript": "^1.0.4"
      },
      "devDependencies": {
        "typescript": "^4.5.2"
      }
    },
    "node_modules/@types/node": {
      "version": "16.11.11",
      "resolved": "https://registry.npmjs.org/@types/node/-/node-16.11.11.tgz",
      "integrity": "sha512-KB0sixD67CeecHC33MYn+eYARkqTheIRNuu97y2XMjR7Wu3XibO1vaY6VBV6O/a89SPI81cEUIYT87UqUWlZNw=="
    },
    "node_modules/events": {
      "version": "3.3.0",
      "resolved": "https://registry.npmjs.org/events/-/events-3.3.0.tgz",
      "integrity": "sha512-mQw+2fkQbALzQ7V0MY0IqdnXNOeTtP4r0lN9z7AAawCXgqea7bDii20AYrIBrFd/Hx0M2Ocz6S111CaFkUcb0Q==",
      "engines": {
        "node": ">=0.8.x"
      }
    },
    "node_modules/fs": {
      "version": "0.0.1-security",
      "resolved": "https://registry.npmjs.org/fs/-/fs-0.0.1-security.tgz",
      "integrity": "sha1-invTcYa23d84E/I4WLV+yq9eQdQ="
    },
    "node_modules/graphology": {
      "version": "0.23.2",
      "resolved": "https://registry.npmjs.org/graphology/-/graphology-0.23.2.tgz",
      "integrity": "sha512-RHcLpAP4M+KPShLQEvgkT1Y4vxl+FFbmmy3D0mupO+VXIuYC8zdmMcHs40D9m3mmN067zGS+lUaHjDq06Td7PQ==",
      "dependencies": {
        "events": "^3.3.0",
        "obliterator": "^2.0.0"
      },
      "peerDependencies": {
        "graphology-types": ">=0.23.0"
      }
    },
    "node_modules/graphology-indices": {
      "version": "0.16.5",
      "resolved": "https://registry.npmjs.org/graphology-indices/-/graphology-indices-0.16.5.tgz",
      "integrity": "sha512-bFd5x0csn/5H1R6Kp5yM2LK1fI9akaInVk/uMzOGZNL3D7erCeqnqyRVA9LBw7QhkOgy8pG3LUHJYWyV3XSufg==",
      "dependencies": {
        "graphology-utils": "^2.4.2",
        "mnemonist": "^0.39.0"
      },
      "peerDependencies": {
        "graphology-types": ">=0.20.0"
      }
    },
    "node_modules/graphology-indices/node_modules/graphology-utils": {
      "version": "2.5.0",
      "resolved": "https://registry.npmjs.org/graphology-utils/-/graphology-utils-2.5.0.tgz",
      "integrity": "sha512-TmuBAoM1rZxWo3Wd7qC2Rhnu3KZwq8pWNgjWCFKubn3pt3a1Vh/k3CJaFw4G7k6Mvb6aSdWVYJnlGNThMl+bAQ==",
      "peerDependencies": {
        "graphology-types": ">=0.23.0"
      }
    },
    "node_modules/graphology-simple-path": {
      "version": "0.1.2",
      "resolved": "https://registry.npmjs.org/graphology-simple-path/-/graphology-simple-path-0.1.2.tgz",
      "integrity": "sha512-jOut2ihx5XMN97eUtmy4ZMp22btx3oa8GnvzQXHiBZOMyaC/gCpupnKVh0IvtzKd0RmmC5lT0zPBAqvU2O7Ejg==",
      "dependencies": {
        "graphology-utils": "^1.8.0",
        "mnemonist": "^0.39.0"
      },
      "peerDependencies": {
        "graphology-types": ">=0.20.0"
      }
    },
    "node_modules/graphology-traversal": {
      "version": "0.3.0",
      "resolved": "https://registry.npmjs.org/graphology-traversal/-/graphology-traversal-0.3.0.tgz",
      "integrity": "sha512-/dexAoGbaRqmBMtv9IBXUuLZg7b5YBpWYXZYirwRaFX0DsQmsqMAJ+Jx0RQndQqLCOJI3LZyheemv3+tLlrjjQ==",
      "dependencies": {
        "graphology-indices": "^0.16.4",
        "graphology-utils": "^2.0.0"
      },
      "peerDependencies": {
        "graphology-types": ">=0.20.0"
      }
    },
    "node_modules/graphology-traversal/node_modules/graphology-utils": {
      "version": "2.5.0",
      "resolved": "https://registry.npmjs.org/graphology-utils/-/graphology-utils-2.5.0.tgz",
      "integrity": "sha512-TmuBAoM1rZxWo3Wd7qC2Rhnu3KZwq8pWNgjWCFKubn3pt3a1Vh/k3CJaFw4G7k6Mvb6aSdWVYJnlGNThMl+bAQ==",
      "peerDependencies": {
        "graphology-types": ">=0.23.0"
      }
    },
    "node_modules/graphology-types": {
      "version": "0.23.0",
      "resolved": "https://registry.npmjs.org/graphology-types/-/graphology-types-0.23.0.tgz",
      "integrity": "sha512-6Je1NWU3el7YmybAhRzrOEi79Blhx05EU3wGUCvP5ikaxRXEflrW/5unfw5q/wqfwjryM9tcwUv4M7TZ8yTBYQ==",
      "peer": true
    },
    "node_modules/graphology-utils": {
      "version": "1.8.0",
      "resolved": "https://registry.npmjs.org/graphology-utils/-/graphology-utils-1.8.0.tgz",
      "integrity": "sha512-Pa7SW30OMm8fVtyH49b3GJ/uxlMHGfXly50wIhlcc7ZoX9ahZa7sPBz+obo4WZClrRV6wh3tIu0GJoI42eao1A==",
      "peerDependencies": {
        "graphology-types": ">=0.19.0"
      }
    },
    "node_modules/linked-list-typescript": {
      "version": "1.0.15",
      "resolved": "https://registry.npmjs.org/linked-list-typescript/-/linked-list-typescript-1.0.15.tgz",
      "integrity": "sha512-RIyUu9lnJIyIaMe63O7/aFv/T2v3KsMFuXMBbUQCHX+cgtGro86ETDj5ed0a8gQL2+DFjzYYsgVG4I36/cUwgw=="
    },
    "node_modules/minimist": {
      "version": "1.2.5",
      "resolved": "https://registry.npmjs.org/minimist/-/minimist-1.2.5.tgz",
      "integrity": "sha512-FM9nNUYrRBAELZQT3xeZQ7fmMOBg6nWNmJKTcgsJeaLstP/UODVpGsr5OhXhhXg6f+qtJ8uiZ+PUxkDWcgIXLw=="
    },
    "node_modules/mkdirp": {
      "version": "0.5.5",
      "resolved": "https://registry.npmjs.org/mkdirp/-/mkdirp-0.5.5.tgz",
      "integrity": "sha512-NKmAlESf6jMGym1++R0Ra7wvhV+wFW63FaSOFPwRahvea0gMUcGUhVeAg/0BC0wiv9ih5NYPB1Wn1UEI1/L+xQ==",
      "dependencies": {
        "minimist": "^1.2.5"
      },
      "bin": {
        "mkdirp": "bin/cmd.js"
      }
    },
    "node_modules/mnemonist": {
      "version": "0.39.0",
      "resolved": "https://registry.npmjs.org/mnemonist/-/mnemonist-0.39.0.tgz",
      "integrity": "sha512-7v08Ldk1lnlywnIShqfKYN7EW4WKLUnkoWApdmR47N1xA2xmEtWERfEvyRCepbuFCETG5OnfaGQpp/p4Bus6ZQ==",
      "dependencies": {
        "obliterator": "^2.0.1"
      }
    },
    "node_modules/obliterator": {
      "version": "2.0.1",
      "resolved": "https://registry.npmjs.org/obliterator/-/obliterator-2.0.1.tgz",
      "integrity": "sha512-XnkiCrrBcIZQitJPAI36mrrpEUvatbte8hLcTcQwKA1v9NkCKasSi+UAguLsLDs/out7MoRzAlmz7VXvY6ph6w=="
    },
    "node_modules/plotly": {
      "version": "1.0.6",
      "resolved": "https://registry.npmjs.org/plotly/-/plotly-1.0.6.tgz",
      "integrity": "sha1-smcsPfiDM2Jb32hJgtDj9lIdeqo=",
      "dependencies": {
        "mkdirp": "~0.5.0"
      }
    },
    "node_modules/stack-typescript": {
      "version": "1.0.4",
      "resolved": "https://registry.npmjs.org/stack-typescript/-/stack-typescript-1.0.4.tgz",
      "integrity": "sha512-LAFycOVCWRYP6TDbwXR2XeXTmKjZT+wpdC4GEnBWWYfyTUK7NOassuqVTbUXsEA6CTCgk4FMOkUi+yFS33D1mw==",
      "dependencies": {
        "linked-list-typescript": "^1.0.11"
      }
    },
    "node_modules/typescript": {
      "version": "4.5.2",
      "resolved": "https://registry.npmjs.org/typescript/-/typescript-4.5.2.tgz",
      "integrity": "sha512-5BlMof9H1yGt0P8/WF+wPNw6GfctgGjXp5hkblpyT+8rkASSmkUKMXrxR0Xg8ThVCi/JnHQiKXeBaEwCeQwMFw==",
      "dev": true,
      "bin": {
        "tsc": "bin/tsc",
        "tsserver": "bin/tsserver"
      },
      "engines": {
        "node": ">=4.2.0"
      }
    }
  },
  "dependencies": {
    "@types/node": {
      "version": "16.11.11",
      "resolved": "https://registry.npmjs.org/@types/node/-/node-16.11.11.tgz",
      "integrity": "sha512-KB0sixD67CeecHC33MYn+eYARkqTheIRNuu97y2XMjR7Wu3XibO1vaY6VBV6O/a89SPI81cEUIYT87UqUWlZNw=="
    },
    "events": {
      "version": "3.3.0",
      "resolved": "https://registry.npmjs.org/events/-/events-3.3.0.tgz",
      "integrity": "sha512-mQw+2fkQbALzQ7V0MY0IqdnXNOeTtP4r0lN9z7AAawCXgqea7bDii20AYrIBrFd/Hx0M2Ocz6S111CaFkUcb0Q=="
    },
    "fs": {
      "version": "0.0.1-security",
      "resolved": "https://registry.npmjs.org/fs/-/fs-0.0.1-security.tgz",
      "integrity": "sha1-invTcYa23d84E/I4WLV+yq9eQdQ="
    },
    "graphology": {
      "version": "0.23.2",
      "resolved": "https://registry.npmjs.org/graphology/-/graphology-0.23.2.tgz",
      "integrity": "sha512-RHcLpAP4M+KPShLQEvgkT1Y4vxl+FFbmmy3D0mupO+VXIuYC8zdmMcHs40D9m3mmN067zGS+lUaHjDq06Td7PQ==",
      "requires": {
        "events": "^3.3.0",
        "obliterator": "^2.0.0"
      }
    },
    "graphology-indices": {
      "version": "0.16.5",
      "resolved": "https://registry.npmjs.org/graphology-indices/-/graphology-indices-0.16.5.tgz",
      "integrity": "sha512-bFd5x0csn/5H1R6Kp5yM2LK1fI9akaInVk/uMzOGZNL3D7erCeqnqyRVA9LBw7QhkOgy8pG3LUHJYWyV3XSufg==",
      "requires": {
        "graphology-utils": "^2.4.2",
        "mnemonist": "^0.39.0"
      },
      "dependencies": {
        "graphology-utils": {
          "version": "2.5.0",
          "resolved": "https://registry.npmjs.org/graphology-utils/-/graphology-utils-2.5.0.tgz",
          "integrity": "sha512-TmuBAoM1rZxWo3Wd7qC2Rhnu3KZwq8pWNgjWCFKubn3pt3a1Vh/k3CJaFw4G7k6Mvb6aSdWVYJnlGNThMl+bAQ==",
          "requires": {}
        }
      }
    },
    "graphology-simple-path": {
      "version": "0.1.2",
      "resolved": "https://registry.npmjs.org/graphology-simple-path/-/graphology-simple-path-0.1.2.tgz",
      "integrity": "sha512-jOut2ihx5XMN97eUtmy4ZMp22btx3oa8GnvzQXHiBZOMyaC/gCpupnKVh0IvtzKd0RmmC5lT0zPBAqvU2O7Ejg==",
      "requires": {
        "graphology-utils": "^1.8.0",
        "mnemonist": "^0.39.0"
      }
    },
    "graphology-traversal": {
      "version": "0.3.0",
      "resolved": "https://registry.npmjs.org/graphology-traversal/-/graphology-traversal-0.3.0.tgz",
      "integrity": "sha512-/dexAoGbaRqmBMtv9IBXUuLZg7b5YBpWYXZYirwRaFX0DsQmsqMAJ+Jx0RQndQqLCOJI3LZyheemv3+tLlrjjQ==",
      "requires": {
        "graphology-indices": "^0.16.4",
        "graphology-utils": "^2.0.0"
      },
      "dependencies": {
        "graphology-utils": {
          "version": "2.5.0",
          "resolved": "https://registry.npmjs.org/graphology-utils/-/graphology-utils-2.5.0.tgz",
          "integrity": "sha512-TmuBAoM1rZxWo3Wd7qC2Rhnu3KZwq8pWNgjWCFKubn3pt3a1Vh/k3CJaFw4G7k6Mvb6aSdWVYJnlGNThMl+bAQ==",
          "requires": {}
        }
      }
    },
    "graphology-types": {
      "version": "0.23.0",
      "resolved": "https://registry.npmjs.org/graphology-types/-/graphology-types-0.23.0.tgz",
      "integrity": "sha512-6Je1NWU3el7YmybAhRzrOEi79Blhx05EU3wGUCvP5ikaxRXEflrW/5unfw5q/wqfwjryM9tcwUv4M7TZ8yTBYQ==",
      "peer": true
    },
    "graphology-utils": {
      "version": "1.8.0",
      "resolved": "https://registry.npmjs.org/graphology-utils/-/graphology-utils-1.8.0.tgz",
      "integrity": "sha512-Pa7SW30OMm8fVtyH49b3GJ/uxlMHGfXly50wIhlcc7ZoX9ahZa7sPBz+obo4WZClrRV6wh3tIu0GJoI42eao1A==",
      "requires": {}
    },
    "linked-list-typescript": {
      "version": "1.0.15",
      "resolved": "https://registry.npmjs.org/linked-list-typescript/-/linked-list-typescript-1.0.15.tgz",
      "integrity": "sha512-RIyUu9lnJIyIaMe63O7/aFv/T2v3KsMFuXMBbUQCHX+cgtGro86ETDj5ed0a8gQL2+DFjzYYsgVG4I36/cUwgw=="
    },
    "minimist": {
      "version": "1.2.5",
      "resolved": "https://registry.npmjs.org/minimist/-/minimist-1.2.5.tgz",
      "integrity": "sha512-FM9nNUYrRBAELZQT3xeZQ7fmMOBg6nWNmJKTcgsJeaLstP/UODVpGsr5OhXhhXg6f+qtJ8uiZ+PUxkDWcgIXLw=="
    },
    "mkdirp": {
      "version": "0.5.5",
      "resolved": "https://registry.npmjs.org/mkdirp/-/mkdirp-0.5.5.tgz",
      "integrity": "sha512-NKmAlESf6jMGym1++R0Ra7wvhV+wFW63FaSOFPwRahvea0gMUcGUhVeAg/0BC0wiv9ih5NYPB1Wn1UEI1/L+xQ==",
      "requires": {
        "minimist": "^1.2.5"
      }
    },
    "mnemonist": {
      "version": "0.39.0",
      "resolved": "https://registry.npmjs.org/mnemonist/-/mnemonist-0.39.0.tgz",
      "integrity": "sha512-7v08Ldk1lnlywnIShqfKYN7EW4WKLUnkoWApdmR47N1xA2xmEtWERfEvyRCepbuFCETG5OnfaGQpp/p4Bus6ZQ==",
      "requires": {
        "obliterator": "^2.0.1"
      }
    },
    "obliterator": {
      "version": "2.0.1",
      "resolved": "https://registry.npmjs.org/obliterator/-/obliterator-2.0.1.tgz",
      "integrity": "sha512-XnkiCrrBcIZQitJPAI36mrrpEUvatbte8hLcTcQwKA1v9NkCKasSi+UAguLsLDs/out7MoRzAlmz7VXvY6ph6w=="
    },
    "plotly": {
      "version": "1.0.6",
      "resolved": "https://registry.npmjs.org/plotly/-/plotly-1.0.6.tgz",
      "integrity": "sha1-smcsPfiDM2Jb32hJgtDj9lIdeqo=",
      "requires": {
        "mkdirp": "~0.5.0"
      }
    },
    "stack-typescript": {
      "version": "1.0.4",
      "resolved": "https://registry.npmjs.org/stack-typescript/-/stack-typescript-1.0.4.tgz",
      "integrity": "sha512-LAFycOVCWRYP6TDbwXR2XeXTmKjZT+wpdC4GEnBWWYfyTUK7NOassuqVTbUXsEA6CTCgk4FMOkUi+yFS33D1mw==",
      "requires": {
        "linked-list-typescript": "^1.0.11"
      }
    },
    "typescript": {
      "version": "4.5.2",
      "resolved": "https://registry.npmjs.org/typescript/-/typescript-4.5.2.tgz",
      "integrity": "sha512-5BlMof9H1yGt0P8/WF+wPNw6GfctgGjXp5hkblpyT+8rkASSmkUKMXrxR0Xg8ThVCi/JnHQiKXeBaEwCeQwMFw==",
      "dev": true
    }
  }
}
